<?xml version="1.0" encoding="utf-8"?>
<Project ToolsVersion="4.0" xmlns="http://schemas.microsoft.com/developer/msbuild/2003">
  <ItemGroup>
    <ClCompile Include="Main.cpp" />
    <ClCompile Include="ImGui\imgui.cpp">
      <Filter>ImGui</Filter>
    </ClCompile>
    <ClCompile Include="ImGui\imgui_demo.cpp">
      <Filter>ImGui</Filter>
    </ClCompile>
    <ClCompile Include="ImGui\imgui_draw.cpp">
      <Filter>ImGui</Filter>
    </ClCompile>
    <ClCompile Include="ImGui\imgui_impl_dx9.cpp">
      <Filter>ImGui</Filter>
    </ClCompile>
    <ClCompile Include="ImGui\imgui_widgets.cpp">
      <Filter>ImGui</Filter>
    </ClCompile>
    <ClCompile Include="ImGui\imgui_impl_win32.cpp">
      <Filter>ImGui</Filter>
    </ClCompile>
    <ClCompile Include="MD5\MD5.cpp">
      <Filter>MD5</Filter>
    </ClCompile>
    <ClCompile Include="Inject.cpp" />
    <ClCompile Include="Antidebug.cpp">
      <Filter>Antidebug</Filter>
    </ClCompile>
  </ItemGroup>
  <ItemGroup>
    <Filter Include="ImGui">
      <UniqueIdentifier>{252b3e79-2119-4883-beb6-ae3699e5cb3a}</UniqueIdentifier>
    </Filter>
    <Filter Include="curl">
      <UniqueIdentifier>{94f7479d-61a7-4306-8704-674bfc9d1cde}</UniqueIdentifier>
    </Filter>
    <Filter Include="MD5">
      <UniqueIdentifier>{f26692cb-f0b6-4b2e-aabc-0e6e7f15a48e}</UniqueIdentifier>
    </Filter>
    <Filter Include="Antidebug">
      <UniqueIdentifier>{31862906-22dd-4329-a67e-2fdd1d6bf0ec}</UniqueIdentifier>
    </Filter>
  </ItemGroup>
  <ItemGroup>
    <ClInclude Include="ImGui\imconfig.h">
      <Filter>ImGui</Filter>
    </ClInclude>
    <ClInclude Include="ImGui\imgui.h">
      <Filter>ImGui</Filter>
    </ClInclude>
    <ClInclude Include="ImGui\imgui_impl_dx9.h">
      <Filter>ImGui</Filter>
    </ClInclude>
    <ClInclude Include="ImGui\imgui_internal.h">
      <Filter>ImGui</Filter>
    </ClInclude>
    <ClInclude Include="ImGui\imstb_rectpack.h">
      <Filter>ImGui</Filter>
    </ClInclude>
    <ClInclude Include="ImGui\imstb_textedit.h">
      <Filter>ImGui</Filter>
    </ClInclude>
    <ClInclude Include="ImGui\imstb_truetype.h">
      <Filter>ImGui</Filter>
    </ClInclude>
    <ClInclude Include="ImGui\imgui_impl_win32.h">
      <Filter>ImGui</Filter>
    </ClInclude>
    <ClInclude Include="logo.h" />
    <ClInclude Include="curl\curl\curl.h">
      <Filter>curl</Filter>
    </ClInclude>
    <ClInclude Include="curl\curl\curlbuild.h">
      <Filter>curl</Filter>
    </ClInclude>
    <ClInclude Include="curl\curl\curlrules.h">
      <Filter>curl</Filter>
    </ClInclude>
    <ClInclude Include="curl\curl\curlver.h">
      <Filter>curl</Filter>
    </ClInclude>
    <ClInclude Include="curl\curl\easy.h">
      <Filter>curl</Filter>
    </ClInclude>
    <ClInclude Include="curl\curl\mprintf.h">
      <Filter>curl</Filter>
    </ClInclude>
    <ClInclude Include="curl\curl\multi.h">
      <Filter>curl</Filter>
    </ClInclude>
    <ClInclude Include="curl\curl\stdcheaders.h">
      <Filter>curl</Filter>
    </ClInclude>
    <ClInclude Include="curl\curl\system.h">
      <Filter>curl</Filter>
    </ClInclude>
    <ClInclude Include="curl\curl\typecheck-gcc.h">
      <Filter>curl</Filter>
    </ClInclude>
    <ClInclude Include="MD5\MD5.h">
      <Filter>MD5</Filter>
    </ClInclude>
    <ClInclude Include="Inject.h" />
    <ClInclude Include="Verdana.h" />
    <ClInclude Include="XorComp.hpp" />
    <ClInclude Include="lazy.hpp" />
    <ClInclude Include="Antidebug.h">
      <Filter>Antidebug</Filter>
    </ClInclude>
  </ItemGroup>
  <ItemGroup>
    <Library Include="curl\libcurl_a.lib">
      <Filter>curl</Filter>
    </Library>
  </ItemGroup>
</Project>